{
  "name": "Portfolio",
  "lockfileVersion": 3,
  "requires": true,
  "packages": {
    "": {
      "dependencies": {
        "gsap": "^3.12.5",
        "swiper": "^11.0.5"
      }
    },
    "node_modules/gsap": {
      "version": "3.12.5",
      "resolved": "https://registry.npmjs.org/gsap/-/gsap-3.12.5.tgz",
      "integrity": "sha512-srBfnk4n+Oe/ZnMIOXt3gT605BX9x5+rh/prT2F1SsNJsU1XuMiP0E2aptW481OnonOGACZWBqseH5Z7csHxhQ=="
    },
    "node_modules/swiper": {
      "version": "11.0.5",
      "resolved": "https://registry.npmjs.org/swiper/-/swiper-11.0.5.tgz",
      "integrity": "sha512-rhCwupqSyRnWrtNzWzemnBLMoyYuoDgGgspAm/8iBD3jCvAWycPLH4Z3TB0O5520DHLzMx94yUMH/B9Efpa48w==",
      "funding": [
        {
          "type": "patreon",
          "url": "https://www.patreon.com/swiperjs"
        },
        {
          "type": "open_collective",
          "url": "http://opencollective.com/swiper"
        }
      ],
      "engines": {
        "node": ">= 4.7.0"
      }
    }
  }
}
